// !$*UTF8*$!
{
	archiveVersion = 1;
	classes = {
	};
	objectVersion = 56;
	objects = {

/* Begin PBXBuildFile section */
		479045352B206F5B00208A8F /* Tabbar.swift in Sources */ = {isa = PBXBuildFile; fileRef = 479045342B206F5B00208A8F /* Tabbar.swift */; };
		479045372B219F2600208A8F /* ICHomeCell.swift in Sources */ = {isa = PBXBuildFile; fileRef = 479045362B219F2600208A8F /* ICHomeCell.swift */; };
		4790453A2B21CC4C00208A8F /* WaterfallGrid in Frameworks */ = {isa = PBXBuildFile; productRef = 479045392B21CC4C00208A8F /* WaterfallGrid */; };
		479045742B22E97600208A8F /* ICNetworkManager.swift in Sources */ = {isa = PBXBuildFile; fileRef = 479045732B22E97600208A8F /* ICNetworkManager.swift */; };
		47C99CBC2B148724005D4EDE /* inspireCameraApp.swift in Sources */ = {isa = PBXBuildFile; fileRef = 47C99CBB2B148724005D4EDE /* inspireCameraApp.swift */; };
		47C99CBE2B148724005D4EDE /* ContentView.swift in Sources */ = {isa = PBXBuildFile; fileRef = 47C99CBD2B148724005D4EDE /* ContentView.swift */; };
		47C99CC02B148725005D4EDE /* Assets.xcassets in Resources */ = {isa = PBXBuildFile; fileRef = 47C99CBF2B148725005D4EDE /* Assets.xcassets */; };
		47C99CC32B148725005D4EDE /* Preview Assets.xcassets in Resources */ = {isa = PBXBuildFile; fileRef = 47C99CC22B148725005D4EDE /* Preview Assets.xcassets */; };
		47C99CCE2B1487A9005D4EDE /* MainTabView.swift in Sources */ = {isa = PBXBuildFile; fileRef = 47C99CCD2B1487A9005D4EDE /* MainTabView.swift */; };
		47C99CD02B148DE0005D4EDE /* ICHomeView.swift in Sources */ = {isa = PBXBuildFile; fileRef = 47C99CCF2B148DE0005D4EDE /* ICHomeView.swift */; };
		47C99CD22B148DF1005D4EDE /* ICMeView.swift in Sources */ = {isa = PBXBuildFile; fileRef = 47C99CD12B148DF1005D4EDE /* ICMeView.swift */; };
		47C99CD42B148E0E005D4EDE /* ICCarmeraView.swift in Sources */ = {isa = PBXBuildFile; fileRef = 47C99CD32B148E0E005D4EDE /* ICCarmeraView.swift */; };
		47C99CD62B148F38005D4EDE /* TabModel.swift in Sources */ = {isa = PBXBuildFile; fileRef = 47C99CD52B148F38005D4EDE /* TabModel.swift */; };
		47D90EF72B2AE6DB0002E31D /* ICHomeListViewModel.swift in Sources */ = {isa = PBXBuildFile; fileRef = 47D90EF62B2AE6DB0002E31D /* ICHomeListViewModel.swift */; };
		47D90EF92B2AF47A0002E31D /* ICResponseModel.swift in Sources */ = {isa = PBXBuildFile; fileRef = 47D90EF82B2AF47A0002E31D /* ICResponseModel.swift */; };
/* End PBXBuildFile section */

/* Begin PBXFileReference section */
		2C24287B686A7653D630C96C /* Pods-inspireCamera.debug.xcconfig */ = {isa = PBXFileReference; includeInIndex = 1; lastKnownFileType = text.xcconfig; name = "Pods-inspireCamera.debug.xcconfig"; path = "Target Support Files/Pods-inspireCamera/Pods-inspireCamera.debug.xcconfig"; sourceTree = "<group>"; };
		479045342B206F5B00208A8F /* Tabbar.swift */ = {isa = PBXFileReference; lastKnownFileType = sourcecode.swift; path = Tabbar.swift; sourceTree = "<group>"; };
		479045362B219F2600208A8F /* ICHomeCell.swift */ = {isa = PBXFileReference; lastKnownFileType = sourcecode.swift; path = ICHomeCell.swift; sourceTree = "<group>"; };
		479045732B22E97600208A8F /* ICNetworkManager.swift */ = {isa = PBXFileReference; lastKnownFileType = sourcecode.swift; path = ICNetworkManager.swift; sourceTree = "<group>"; };
		479045752B22F92E00208A8F /* Info.plist */ = {isa = PBXFileReference; lastKnownFileType = text.plist; path = Info.plist; sourceTree = "<group>"; };
		47C99CB82B148724005D4EDE /* inspireCamera.app */ = {isa = PBXFileReference; explicitFileType = wrapper.application; includeInIndex = 0; path = inspireCamera.app; sourceTree = BUILT_PRODUCTS_DIR; };
		47C99CBB2B148724005D4EDE /* inspireCameraApp.swift */ = {isa = PBXFileReference; lastKnownFileType = sourcecode.swift; path = inspireCameraApp.swift; sourceTree = "<group>"; };
		47C99CBD2B148724005D4EDE /* ContentView.swift */ = {isa = PBXFileReference; lastKnownFileType = sourcecode.swift; path = ContentView.swift; sourceTree = "<group>"; };
		47C99CBF2B148725005D4EDE /* Assets.xcassets */ = {isa = PBXFileReference; lastKnownFileType = folder.assetcatalog; path = Assets.xcassets; sourceTree = "<group>"; };
		47C99CC22B148725005D4EDE /* Preview Assets.xcassets */ = {isa = PBXFileReference; lastKnownFileType = folder.assetcatalog; path = "Preview Assets.xcassets"; sourceTree = "<group>"; };
		47C99CCD2B1487A9005D4EDE /* MainTabView.swift */ = {isa = PBXFileReference; lastKnownFileType = sourcecode.swift; path = MainTabView.swift; sourceTree = "<group>"; };
		47C99CCF2B148DE0005D4EDE /* ICHomeView.swift */ = {isa = PBXFileReference; lastKnownFileType = sourcecode.swift; path = ICHomeView.swift; sourceTree = "<group>"; };
		47C99CD12B148DF1005D4EDE /* ICMeView.swift */ = {isa = PBXFileReference; lastKnownFileType = sourcecode.swift; path = ICMeView.swift; sourceTree = "<group>"; };
		47C99CD32B148E0E005D4EDE /* ICCarmeraView.swift */ = {isa = PBXFileReference; lastKnownFileType = sourcecode.swift; path = ICCarmeraView.swift; sourceTree = "<group>"; };
		47C99CD52B148F38005D4EDE /* TabModel.swift */ = {isa = PBXFileReference; lastKnownFileType = sourcecode.swift; path = TabModel.swift; sourceTree = "<group>"; };
		47D90EF62B2AE6DB0002E31D /* ICHomeListViewModel.swift */ = {isa = PBXFileReference; lastKnownFileType = sourcecode.swift; path = ICHomeListViewModel.swift; sourceTree = "<group>"; };
		47D90EF82B2AF47A0002E31D /* ICResponseModel.swift */ = {isa = PBXFileReference; lastKnownFileType = sourcecode.swift; path = ICResponseModel.swift; sourceTree = "<group>"; };
		D452C585FE1BB3685852913E /* Pods-inspireCamera.release.xcconfig */ = {isa = PBXFileReference; includeInIndex = 1; lastKnownFileType = text.xcconfig; name = "Pods-inspireCamera.release.xcconfig"; path = "Target Support Files/Pods-inspireCamera/Pods-inspireCamera.release.xcconfig"; sourceTree = "<group>"; };
/* End PBXFileReference section */

/* Begin PBXFrameworksBuildPhase section */
		47C99CB52B148724005D4EDE /* Frameworks */ = {
			isa = PBXFrameworksBuildPhase;
			buildActionMask = 2147483647;
			files = (
				4790453A2B21CC4C00208A8F /* WaterfallGrid in Frameworks */,
			);
			runOnlyForDeploymentPostprocessing = 0;
		};
/* End PBXFrameworksBuildPhase section */

/* Begin PBXGroup section */
		0A9A98F89D3DD58306582DA6 /* Pods */ = {
			isa = PBXGroup;
			children = (
				2C24287B686A7653D630C96C /* Pods-inspireCamera.debug.xcconfig */,
				D452C585FE1BB3685852913E /* Pods-inspireCamera.release.xcconfig */,
			);
			path = Pods;
			sourceTree = "<group>";
		};
		4790456E2B22C0C900208A8F /* Model */ = {
			isa = PBXGroup;
			children = (
				47D90EF62B2AE6DB0002E31D /* ICHomeListViewModel.swift */,
			);
			path = Model;
			sourceTree = "<group>";
		};
		479045712B22E94200208A8F /* Utils */ = {
			isa = PBXGroup;
			children = (
				479045722B22E94200208A8F /* Network */,
			);
			path = Utils;
			sourceTree = "<group>";
		};
		479045722B22E94200208A8F /* Network */ = {
			isa = PBXGroup;
			children = (
				479045732B22E97600208A8F /* ICNetworkManager.swift */,
				47D90EF82B2AF47A0002E31D /* ICResponseModel.swift */,
			);
			path = Network;
			sourceTree = "<group>";
		};
		47C99CAF2B148724005D4EDE = {
			isa = PBXGroup;
			children = (
				47C99CBA2B148724005D4EDE /* inspireCamera */,
				47C99CB92B148724005D4EDE /* Products */,
				0A9A98F89D3DD58306582DA6 /* Pods */,
				78F0B2DEF8D1C3CE7A142824 /* Frameworks */,
			);
			sourceTree = "<group>";
		};
		47C99CB92B148724005D4EDE /* Products */ = {
			isa = PBXGroup;
			children = (
				47C99CB82B148724005D4EDE /* inspireCamera.app */,
			);
			name = Products;
			sourceTree = "<group>";
		};
		47C99CBA2B148724005D4EDE /* inspireCamera */ = {
			isa = PBXGroup;
			children = (
				479045752B22F92E00208A8F /* Info.plist */,
				479045712B22E94200208A8F /* Utils */,
				47C99CCC2B148782005D4EDE /* Carmera */,
				47C99CC92B148782005D4EDE /* Home */,
				47C99CCB2B148782005D4EDE /* Main */,
				47C99CCA2B148782005D4EDE /* Me */,
				47C99CBB2B148724005D4EDE /* inspireCameraApp.swift */,
				47C99CBD2B148724005D4EDE /* ContentView.swift */,
				47C99CBF2B148725005D4EDE /* Assets.xcassets */,
				47C99CC12B148725005D4EDE /* Preview Content */,
			);
			path = inspireCamera;
			sourceTree = "<group>";
		};
		47C99CC12B148725005D4EDE /* Preview Content */ = {
			isa = PBXGroup;
			children = (
				47C99CC22B148725005D4EDE /* Preview Assets.xcassets */,
			);
			path = "Preview Content";
			sourceTree = "<group>";
		};
		47C99CC92B148782005D4EDE /* Home */ = {
			isa = PBXGroup;
			children = (
				4790456E2B22C0C900208A8F /* Model */,
				47C99CCF2B148DE0005D4EDE /* ICHomeView.swift */,
				479045362B219F2600208A8F /* ICHomeCell.swift */,
			);
			path = Home;
			sourceTree = "<group>";
		};
		47C99CCA2B148782005D4EDE /* Me */ = {
			isa = PBXGroup;
			children = (
				47C99CD12B148DF1005D4EDE /* ICMeView.swift */,
			);
			path = Me;
			sourceTree = "<group>";
		};
		47C99CCB2B148782005D4EDE /* Main */ = {
			isa = PBXGroup;
			children = (
				47C99CCD2B1487A9005D4EDE /* MainTabView.swift */,
				47C99CD52B148F38005D4EDE /* TabModel.swift */,
				479045342B206F5B00208A8F /* Tabbar.swift */,
			);
			path = Main;
			sourceTree = "<group>";
		};
		47C99CCC2B148782005D4EDE /* Carmera */ = {
			isa = PBXGroup;
			children = (
				47C99CD32B148E0E005D4EDE /* ICCarmeraView.swift */,
			);
			path = Carmera;
			sourceTree = "<group>";
		};
		78F0B2DEF8D1C3CE7A142824 /* Frameworks */ = {
			isa = PBXGroup;
			children = (
			);
			name = Frameworks;
			sourceTree = "<group>";
		};
/* End PBXGroup section */

/* Begin PBXNativeTarget section */
		47C99CB72B148724005D4EDE /* inspireCamera */ = {
			isa = PBXNativeTarget;
			buildConfigurationList = 47C99CC62B148725005D4EDE /* Build configuration list for PBXNativeTarget "inspireCamera" */;
			buildPhases = (
				2DFF37A43FE29C47E20AFB90 /* [CP] Check Pods Manifest.lock */,
				47C99CB42B148724005D4EDE /* Sources */,
				47C99CB52B148724005D4EDE /* Frameworks */,
				47C99CB62B148724005D4EDE /* Resources */,
				3D702A2EB904B81E1C59858B /* [CP] Embed Pods Frameworks */,
			);
			buildRules = (
			);
			dependencies = (
			);
			name = inspireCamera;
			packageProductDependencies = (
				479045392B21CC4C00208A8F /* WaterfallGrid */,
			);
			productName = inspireCamera;
			productReference = 47C99CB82B148724005D4EDE /* inspireCamera.app */;
			productType = "com.apple.product-type.application";
		};
/* End PBXNativeTarget section */

/* Begin PBXProject section */
		47C99CB02B148724005D4EDE /* Project object */ = {
			isa = PBXProject;
			attributes = {
				BuildIndependentTargetsInParallel = 1;
				LastSwiftUpdateCheck = 1430;
				LastUpgradeCheck = 1430;
				TargetAttributes = {
					47C99CB72B148724005D4EDE = {
						CreatedOnToolsVersion = 14.3.1;
					};
				};
			};
			buildConfigurationList = 47C99CB32B148724005D4EDE /* Build configuration list for PBXProject "inspireCamera" */;
			compatibilityVersion = "Xcode 14.0";
			developmentRegion = en;
			hasScannedForEncodings = 0;
			knownRegions = (
				en,
				Base,
			);
			mainGroup = 47C99CAF2B148724005D4EDE;
			packageReferences = (
				479045382B21CC4C00208A8F /* XCRemoteSwiftPackageReference "WaterfallGrid" */,
			);
			productRefGroup = 47C99CB92B148724005D4EDE /* Products */;
			projectDirPath = "";
			projectRoot = "";
			targets = (
				47C99CB72B148724005D4EDE /* inspireCamera */,
			);
		};
/* End PBXProject section */

/* Begin PBXResourcesBuildPhase section */
		47C99CB62B148724005D4EDE /* Resources */ = {
			isa = PBXResourcesBuildPhase;
			buildActionMask = 2147483647;
			files = (
				47C99CC32B148725005D4EDE /* Preview Assets.xcassets in Resources */,
				47C99CC02B148725005D4EDE /* Assets.xcassets in Resources */,
			);
			runOnlyForDeploymentPostprocessing = 0;
		};
/* End PBXResourcesBuildPhase section */

/* Begin PBXShellScriptBuildPhase section */
		2DFF37A43FE29C47E20AFB90 /* [CP] Check Pods Manifest.lock */ = {
			isa = PBXShellScriptBuildPhase;
			buildActionMask = 2147483647;
			files = (
			);
			inputFileListPaths = (
			);
			inputPaths = (
				"${PODS_PODFILE_DIR_PATH}/Podfile.lock",
				"${PODS_ROOT}/Manifest.lock",
			);
			name = "[CP] Check Pods Manifest.lock";
			outputFileListPaths = (
			);
			outputPaths = (
				"$(DERIVED_FILE_DIR)/Pods-inspireCamera-checkManifestLockResult.txt",
			);
			runOnlyForDeploymentPostprocessing = 0;
			shellPath = /bin/sh;
			shellScript = "diff \"${PODS_PODFILE_DIR_PATH}/Podfile.lock\" \"${PODS_ROOT}/Manifest.lock\" > /dev/null\nif [ $? != 0 ] ; then\n    # print error to STDERR\n    echo \"error: The sandbox is not in sync with the Podfile.lock. Run 'pod install' or update your CocoaPods installation.\" >&2\n    exit 1\nfi\n# This output is used by Xcode 'outputs' to avoid re-running this script phase.\necho \"SUCCESS\" > \"${SCRIPT_OUTPUT_FILE_0}\"\n";
			showEnvVarsInLog = 0;
		};
		3D702A2EB904B81E1C59858B /* [CP] Embed Pods Frameworks */ = {
			isa = PBXShellScriptBuildPhase;
			buildActionMask = 2147483647;
			files = (
			);
			inputFileListPaths = (
				"${PODS_ROOT}/Target Support Files/Pods-inspireCamera/Pods-inspireCamera-frameworks-${CONFIGURATION}-input-files.xcfilelist",
			);
			name = "[CP] Embed Pods Frameworks";
			outputFileListPaths = (
				"${PODS_ROOT}/Target Support Files/Pods-inspireCamera/Pods-inspireCamera-frameworks-${CONFIGURATION}-output-files.xcfilelist",
			);
			runOnlyForDeploymentPostprocessing = 0;
			shellPath = /bin/sh;
			shellScript = "\"${PODS_ROOT}/Target Support Files/Pods-inspireCamera/Pods-inspireCamera-frameworks.sh\"\n";
			showEnvVarsInLog = 0;
		};
/* End PBXShellScriptBuildPhase section */

/* Begin PBXSourcesBuildPhase section */
		47C99CB42B148724005D4EDE /* Sources */ = {
			isa = PBXSourcesBuildPhase;
			buildActionMask = 2147483647;
			files = (
				47C99CBE2B148724005D4EDE /* ContentView.swift in Sources */,
				479045742B22E97600208A8F /* ICNetworkManager.swift in Sources */,
				47C99CBC2B148724005D4EDE /* inspireCameraApp.swift in Sources */,
				47C99CD42B148E0E005D4EDE /* ICCarmeraView.swift in Sources */,
				47D90EF92B2AF47A0002E31D /* ICResponseModel.swift in Sources */,
				479045352B206F5B00208A8F /* Tabbar.swift in Sources */,
				47C99CCE2B1487A9005D4EDE /* MainTabView.swift in Sources */,
				47C99CD22B148DF1005D4EDE /* ICMeView.swift in Sources */,
				47C99CD62B148F38005D4EDE /* TabModel.swift in Sources */,
				47D90EF72B2AE6DB0002E31D /* ICHomeListViewModel.swift in Sources */,
				479045372B219F2600208A8F /* ICHomeCell.swift in Sources */,
				47C99CD02B148DE0005D4EDE /* ICHomeView.swift in Sources */,
			);
			runOnlyForDeploymentPostprocessing = 0;
		};
/* End PBXSourcesBuildPhase section */

/* Begin XCBuildConfiguration section */
		47C99CC42B148725005D4EDE /* Debug */ = {
			isa = XCBuildConfiguration;
			buildSettings = {
				ALWAYS_SEARCH_USER_PATHS = NO;
				CLANG_ANALYZER_NONNULL = YES;
				CLANG_ANALYZER_NUMBER_OBJECT_CONVERSION = YES_AGGRESSIVE;
				CLANG_CXX_LANGUAGE_STANDARD = "gnu++20";
				CLANG_ENABLE_MODULES = YES;
				CLANG_ENABLE_OBJC_ARC = YES;
				CLANG_ENABLE_OBJC_WEAK = YES;
				CLANG_WARN_BLOCK_CAPTURE_AUTORELEASING = YES;
				CLANG_WARN_BOOL_CONVERSION = YES;
				CLANG_WARN_COMMA = YES;
				CLANG_WARN_CONSTANT_CONVERSION = YES;
				CLANG_WARN_DEPRECATED_OBJC_IMPLEMENTATIONS = YES;
				CLANG_WARN_DIRECT_OBJC_ISA_USAGE = YES_ERROR;
				CLANG_WARN_DOCUMENTATION_COMMENTS = YES;
				CLANG_WARN_EMPTY_BODY = YES;
				CLANG_WARN_ENUM_CONVERSION = YES;
				CLANG_WARN_INFINITE_RECURSION = YES;
				CLANG_WARN_INT_CONVERSION = YES;
				CLANG_WARN_NON_LITERAL_NULL_CONVERSION = YES;
				CLANG_WARN_OBJC_IMPLICIT_RETAIN_SELF = YES;
				CLANG_WARN_OBJC_LITERAL_CONVERSION = YES;
				CLANG_WARN_OBJC_ROOT_CLASS = YES_ERROR;
				CLANG_WARN_QUOTED_INCLUDE_IN_FRAMEWORK_HEADER = YES;
				CLANG_WARN_RANGE_LOOP_ANALYSIS = YES;
				CLANG_WARN_STRICT_PROTOTYPES = YES;
				CLANG_WARN_SUSPICIOUS_MOVE = YES;
				CLANG_WARN_UNGUARDED_AVAILABILITY = YES_AGGRESSIVE;
				CLANG_WARN_UNREACHABLE_CODE = YES;
				CLANG_WARN__DUPLICATE_METHOD_MATCH = YES;
				COPY_PHASE_STRIP = NO;
				DEBUG_INFORMATION_FORMAT = dwarf;
				ENABLE_STRICT_OBJC_MSGSEND = YES;
				ENABLE_TESTABILITY = YES;
				GCC_C_LANGUAGE_STANDARD = gnu11;
				GCC_DYNAMIC_NO_PIC = NO;
				GCC_NO_COMMON_BLOCKS = YES;
				GCC_OPTIMIZATION_LEVEL = 0;
				GCC_PREPROCESSOR_DEFINITIONS = (
					"DEBUG=1",
					"$(inherited)",
				);
				GCC_WARN_64_TO_32_BIT_CONVERSION = YES;
				GCC_WARN_ABOUT_RETURN_TYPE = YES_ERROR;
				GCC_WARN_UNDECLARED_SELECTOR = YES;
				GCC_WARN_UNINITIALIZED_AUTOS = YES_AGGRESSIVE;
				GCC_WARN_UNUSED_FUNCTION = YES;
				GCC_WARN_UNUSED_VARIABLE = YES;
				IPHONEOS_DEPLOYMENT_TARGET = 16.4;
				MTL_ENABLE_DEBUG_INFO = INCLUDE_SOURCE;
				MTL_FAST_MATH = YES;
				ONLY_ACTIVE_ARCH = YES;
				SDKROOT = iphoneos;
				SWIFT_ACTIVE_COMPILATION_CONDITIONS = DEBUG;
				SWIFT_OPTIMIZATION_LEVEL = "-Onone";
			};
			name = Debug;
		};
		47C99CC52B148725005D4EDE /* Release */ = {
			isa = XCBuildConfiguration;
			buildSettings = {
				ALWAYS_SEARCH_USER_PATHS = NO;
				CLANG_ANALYZER_NONNULL = YES;
				CLANG_ANALYZER_NUMBER_OBJECT_CONVERSION = YES_AGGRESSIVE;
				CLANG_CXX_LANGUAGE_STANDARD = "gnu++20";
				CLANG_ENABLE_MODULES = YES;
				CLANG_ENABLE_OBJC_ARC = YES;
				CLANG_ENABLE_OBJC_WEAK = YES;
				CLANG_WARN_BLOCK_CAPTURE_AUTORELEASING = YES;
				CLANG_WARN_BOOL_CONVERSION = YES;
				CLANG_WARN_COMMA = YES;
				CLANG_WARN_CONSTANT_CONVERSION = YES;
				CLANG_WARN_DEPRECATED_OBJC_IMPLEMENTATIONS = YES;
				CLANG_WARN_DIRECT_OBJC_ISA_USAGE = YES_ERROR;
				CLANG_WARN_DOCUMENTATION_COMMENTS = YES;
				CLANG_WARN_EMPTY_BODY = YES;
				CLANG_WARN_ENUM_CONVERSION = YES;
				CLANG_WARN_INFINITE_RECURSION = YES;
				CLANG_WARN_INT_CONVERSION = YES;
				CLANG_WARN_NON_LITERAL_NULL_CONVERSION = YES;
				CLANG_WARN_OBJC_IMPLICIT_RETAIN_SELF = YES;
				CLANG_WARN_OBJC_LITERAL_CONVERSION = YES;
				CLANG_WARN_OBJC_ROOT_CLASS = YES_ERROR;
				CLANG_WARN_QUOTED_INCLUDE_IN_FRAMEWORK_HEADER = YES;
				CLANG_WARN_RANGE_LOOP_ANALYSIS = YES;
				CLANG_WARN_STRICT_PROTOTYPES = YES;
				CLANG_WARN_SUSPICIOUS_MOVE = YES;
				CLANG_WARN_UNGUARDED_AVAILABILITY = YES_AGGRESSIVE;
				CLANG_WARN_UNREACHABLE_CODE = YES;
				CLANG_WARN__DUPLICATE_METHOD_MATCH = YES;
				COPY_PHASE_STRIP = NO;
				DEBUG_INFORMATION_FORMAT = "dwarf-with-dsym";
				ENABLE_NS_ASSERTIONS = NO;
				ENABLE_STRICT_OBJC_MSGSEND = YES;
				GCC_C_LANGUAGE_STANDARD = gnu11;
				GCC_NO_COMMON_BLOCKS = YES;
				GCC_WARN_64_TO_32_BIT_CONVERSION = YES;
				GCC_WARN_ABOUT_RETURN_TYPE = YES_ERROR;
				GCC_WARN_UNDECLARED_SELECTOR = YES;
				GCC_WARN_UNINITIALIZED_AUTOS = YES_AGGRESSIVE;
				GCC_WARN_UNUSED_FUNCTION = YES;
				GCC_WARN_UNUSED_VARIABLE = YES;
				IPHONEOS_DEPLOYMENT_TARGET = 16.4;
				MTL_ENABLE_DEBUG_INFO = NO;
				MTL_FAST_MATH = YES;
				SDKROOT = iphoneos;
				SWIFT_COMPILATION_MODE = wholemodule;
				SWIFT_OPTIMIZATION_LEVEL = "-O";
				VALIDATE_PRODUCT = YES;
			};
			name = Release;
		};
		47C99CC72B148725005D4EDE /* Debug */ = {
			isa = XCBuildConfiguration;
			baseConfigurationReference = 2C24287B686A7653D630C96C /* Pods-inspireCamera.debug.xcconfig */;
			buildSettings = {
				ASSETCATALOG_COMPILER_APPICON_NAME = AppIcon;
				ASSETCATALOG_COMPILER_GLOBAL_ACCENT_COLOR_NAME = AccentColor;
				CODE_SIGN_STYLE = Automatic;
				CURRENT_PROJECT_VERSION = 1;
				DEVELOPMENT_ASSET_PATHS = "\"inspireCamera/Preview Content\"";
				ENABLE_PREVIEWS = YES;
				GENERATE_INFOPLIST_FILE = YES;
				INFOPLIST_FILE = inspireCamera/Info.plist;
				INFOPLIST_KEY_UIApplicationSceneManifest_Generation = YES;
				INFOPLIST_KEY_UIApplicationSupportsIndirectInputEvents = YES;
				INFOPLIST_KEY_UILaunchScreen_Generation = YES;
				INFOPLIST_KEY_UISupportedInterfaceOrientations_iPad = "UIInterfaceOrientationPortrait UIInterfaceOrientationPortraitUpsideDown UIInterfaceOrientationLandscapeLeft UIInterfaceOrientationLandscapeRight";
				INFOPLIST_KEY_UISupportedInterfaceOrientations_iPhone = "UIInterfaceOrientationPortrait UIInterfaceOrientationLandscapeLeft UIInterfaceOrientationLandscapeRight";
				IPHONEOS_DEPLOYMENT_TARGET = 14.0;
				LD_RUNPATH_SEARCH_PATHS = (
					"$(inherited)",
					"@executable_path/Frameworks",
				);
				MARKETING_VERSION = 1.0;
				PRODUCT_BUNDLE_IDENTIFIER = com.YJExpand.inspireCamera;
				PRODUCT_NAME = "$(TARGET_NAME)";
				SWIFT_EMIT_LOC_STRINGS = YES;
				SWIFT_VERSION = 5.0;
				TARGETED_DEVICE_FAMILY = "1,2";
			};
			name = Debug;
		};
		47C99CC82B148725005D4EDE /* Release */ = {
			isa = XCBuildConfiguration;
			baseConfigurationReference = D452C585FE1BB3685852913E /* Pods-inspireCamera.release.xcconfig */;
			buildSettings = {
				ASSETCATALOG_COMPILER_APPICON_NAME = AppIcon;
				ASSETCATALOG_COMPILER_GLOBAL_ACCENT_COLOR_NAME = AccentColor;
				CODE_SIGN_STYLE = Automatic;
				CURRENT_PROJECT_VERSION = 1;
				DEVELOPMENT_ASSET_PATHS = "\"inspireCamera/Preview Content\"";
				ENABLE_PREVIEWS = YES;
				GENERATE_INFOPLIST_FILE = YES;
				INFOPLIST_FILE = inspireCamera/Info.plist;
				INFOPLIST_KEY_UIApplicationSceneManifest_Generation = YES;
				INFOPLIST_KEY_UIApplicationSupportsIndirectInputEvents = YES;
				INFOPLIST_KEY_UILaunchScreen_Generation = YES;
				INFOPLIST_KEY_UISupportedInterfaceOrientations_iPad = "UIInterfaceOrientationPortrait UIInterfaceOrientationPortraitUpsideDown UIInterfaceOrientationLandscapeLeft UIInterfaceOrientationLandscapeRight";
				INFOPLIST_KEY_UISupportedInterfaceOrientations_iPhone = "UIInterfaceOrientationPortrait UIInterfaceOrientationLandscapeLeft UIInterfaceOrientationLandscapeRight";
				IPHONEOS_DEPLOYMENT_TARGET = 14.0;
				LD_RUNPATH_SEARCH_PATHS = (
					"$(inherited)",
					"@executable_path/Frameworks",
				);
				MARKETING_VERSION = 1.0;
				PRODUCT_BUNDLE_IDENTIFIER = com.YJExpand.inspireCamera;
				PRODUCT_NAME = "$(TARGET_NAME)";
				SWIFT_EMIT_LOC_STRINGS = YES;
				SWIFT_VERSION = 5.0;
				TARGETED_DEVICE_FAMILY = "1,2";
			};
			name = Release;
		};
/* End XCBuildConfiguration section */

/* Begin XCConfigurationList section */
		47C99CB32B148724005D4EDE /* Build configuration list for PBXProject "inspireCamera" */ = {
			isa = XCConfigurationList;
			buildConfigurations = (
				47C99CC42B148725005D4EDE /* Debug */,
				47C99CC52B148725005D4EDE /* Release */,
			);
			defaultConfigurationIsVisible = 0;
			defaultConfigurationName = Release;
		};
		47C99CC62B148725005D4EDE /* Build configuration list for PBXNativeTarget "inspireCamera" */ = {
			isa = XCConfigurationList;
			buildConfigurations = (
				47C99CC72B148725005D4EDE /* Debug */,
				47C99CC82B148725005D4EDE /* Release */,
			);
			defaultConfigurationIsVisible = 0;
			defaultConfigurationName = Release;
		};
/* End XCConfigurationList section */

/* Begin XCRemoteSwiftPackageReference section */
		479045382B21CC4C00208A8F /* XCRemoteSwiftPackageReference "WaterfallGrid" */ = {
			isa = XCRemoteSwiftPackageReference;
			repositoryURL = "https://github.com/paololeonardi/WaterfallGrid";
			requirement = {
				kind = upToNextMajorVersion;
				minimumVersion = 1.0.0;
			};
		};
/* End XCRemoteSwiftPackageReference section */

/* Begin XCSwiftPackageProductDependency section */
		479045392B21CC4C00208A8F /* WaterfallGrid */ = {
			isa = XCSwiftPackageProductDependency;
			package = 479045382B21CC4C00208A8F /* XCRemoteSwiftPackageReference "WaterfallGrid" */;
			productName = WaterfallGrid;
		};
/* End XCSwiftPackageProductDependency section */
	};
	rootObject = 47C99CB02B148724005D4EDE /* Project object */;
}
